// !$*UTF8*$!
{
	archiveVersion = 1;
	classes = {
	};
	objectVersion = 48;
	objects = {

/* Begin PBXBuildFile section */
		369AFEC120456D2E0075FD6F /* AppDelegate.swift in Sources */ = {isa = PBXBuildFile; fileRef = 369AFEC020456D2E0075FD6F /* AppDelegate.swift */; };
		369AFEC320456D2E0075FD6F /* ViewController.swift in Sources */ = {isa = PBXBuildFile; fileRef = 369AFEC220456D2E0075FD6F /* ViewController.swift */; };
		369AFEC620456D2E0075FD6F /* Main.storyboard in Resources */ = {isa = PBXBuildFile; fileRef = 369AFEC420456D2E0075FD6F /* Main.storyboard */; };
		369AFEC920456D2E0075FD6F /* JenkinsExample.xcdatamodeld in Sources */ = {isa = PBXBuildFile; fileRef = 369AFEC720456D2E0075FD6F /* JenkinsExample.xcdatamodeld */; };
		369AFECB20456D2E0075FD6F /* Assets.xcassets in Resources */ = {isa = PBXBuildFile; fileRef = 369AFECA20456D2E0075FD6F /* Assets.xcassets */; };
		369AFECE20456D2E0075FD6F /* LaunchScreen.storyboard in Resources */ = {isa = PBXBuildFile; fileRef = 369AFECC20456D2E0075FD6F /* LaunchScreen.storyboard */; };
		369AFED920456D2F0075FD6F /* JenkinsExampleTests.swift in Sources */ = {isa = PBXBuildFile; fileRef = 369AFED820456D2F0075FD6F /* JenkinsExampleTests.swift */; };
		369AFEE420456D2F0075FD6F /* JenkinsExampleUITests.swift in Sources */ = {isa = PBXBuildFile; fileRef = 369AFEE320456D2F0075FD6F /* JenkinsExampleUITests.swift */; };
/* End PBXBuildFile section */

/* Begin PBXContainerItemProxy section */
		369AFED520456D2F0075FD6F /* PBXContainerItemProxy */ = {
			isa = PBXContainerItemProxy;
			containerPortal = 369AFEB520456D2E0075FD6F /* Project object */;
			proxyType = 1;
			remoteGlobalIDString = 369AFEBC20456D2E0075FD6F;
			remoteInfo = JenkinsExample;
		};
		369AFEE020456D2F0075FD6F /* PBXContainerItemProxy */ = {
			isa = PBXContainerItemProxy;
			containerPortal = 369AFEB520456D2E0075FD6F /* Project object */;
			proxyType = 1;
			remoteGlobalIDString = 369AFEBC20456D2E0075FD6F;
			remoteInfo = JenkinsExample;
		};
/* End PBXContainerItemProxy section */

/* Begin PBXFileReference section */
		369AFEBD20456D2E0075FD6F /* JenkinsExample.app */ = {isa = PBXFileReference; explicitFileType = wrapper.application; includeInIndex = 0; path = JenkinsExample.app; sourceTree = BUILT_PRODUCTS_DIR; };
		369AFEC020456D2E0075FD6F /* AppDelegate.swift */ = {isa = PBXFileReference; lastKnownFileType = sourcecode.swift; path = AppDelegate.swift; sourceTree = "<group>"; };
		369AFEC220456D2E0075FD6F /* ViewController.swift */ = {isa = PBXFileReference; lastKnownFileType = sourcecode.swift; path = ViewController.swift; sourceTree = "<group>"; };
		369AFEC520456D2E0075FD6F /* Base */ = {isa = PBXFileReference; lastKnownFileType = file.storyboard; name = Base; path = Base.lproj/Main.storyboard; sourceTree = "<group>"; };
		369AFEC820456D2E0075FD6F /* JenkinsExample.xcdatamodel */ = {isa = PBXFileReference; lastKnownFileType = wrapper.xcdatamodel; path = JenkinsExample.xcdatamodel; sourceTree = "<group>"; };
		369AFECA20456D2E0075FD6F /* Assets.xcassets */ = {isa = PBXFileReference; lastKnownFileType = folder.assetcatalog; path = Assets.xcassets; sourceTree = "<group>"; };
		369AFECD20456D2E0075FD6F /* Base */ = {isa = PBXFileReference; lastKnownFileType = file.storyboard; name = Base; path = Base.lproj/LaunchScreen.storyboard; sourceTree = "<group>"; };
		369AFECF20456D2E0075FD6F /* Info.plist */ = {isa = PBXFileReference; lastKnownFileType = text.plist.xml; path = Info.plist; sourceTree = "<group>"; };
		369AFED420456D2F0075FD6F /* JenkinsExampleTests.xctest */ = {isa = PBXFileReference; explicitFileType = wrapper.cfbundle; includeInIndex = 0; path = JenkinsExampleTests.xctest; sourceTree = BUILT_PRODUCTS_DIR; };
		369AFED820456D2F0075FD6F /* JenkinsExampleTests.swift */ = {isa = PBXFileReference; lastKnownFileType = sourcecode.swift; path = JenkinsExampleTests.swift; sourceTree = "<group>"; };
		369AFEDA20456D2F0075FD6F /* Info.plist */ = {isa = PBXFileReference; lastKnownFileType = text.plist.xml; path = Info.plist; sourceTree = "<group>"; };
		369AFEDF20456D2F0075FD6F /* JenkinsExampleUITests.xctest */ = {isa = PBXFileReference; explicitFileType = wrapper.cfbundle; includeInIndex = 0; path = JenkinsExampleUITests.xctest; sourceTree = BUILT_PRODUCTS_DIR; };
		369AFEE320456D2F0075FD6F /* JenkinsExampleUITests.swift */ = {isa = PBXFileReference; lastKnownFileType = sourcecode.swift; path = JenkinsExampleUITests.swift; sourceTree = "<group>"; };
		369AFEE520456D2F0075FD6F /* Info.plist */ = {isa = PBXFileReference; lastKnownFileType = text.plist.xml; path = Info.plist; sourceTree = "<group>"; };
/* End PBXFileReference section */

/* Begin PBXFrameworksBuildPhase section */
		369AFEBA20456D2E0075FD6F /* Frameworks */ = {
			isa = PBXFrameworksBuildPhase;
			buildActionMask = 2147483647;
			files = (
			);
			runOnlyForDeploymentPostprocessing = 0;
		};
		369AFED120456D2F0075FD6F /* Frameworks */ = {
			isa = PBXFrameworksBuildPhase;
			buildActionMask = 2147483647;
			files = (
			);
			runOnlyForDeploymentPostprocessing = 0;
		};
		369AFEDC20456D2F0075FD6F /* Frameworks */ = {
			isa = PBXFrameworksBuildPhase;
			buildActionMask = 2147483647;
			files = (
			);
			runOnlyForDeploymentPostprocessing = 0;
		};
/* End PBXFrameworksBuildPhase section */

/* Begin PBXGroup section */
		369AFEB420456D2E0075FD6F = {
			isa = PBXGroup;
			children = (
				369AFEBF20456D2E0075FD6F /* JenkinsExample */,
				369AFED720456D2F0075FD6F /* JenkinsExampleTests */,
				369AFEE220456D2F0075FD6F /* JenkinsExampleUITests */,
				369AFEBE20456D2E0075FD6F /* Products */,
			);
			sourceTree = "<group>";
		};
		369AFEBE20456D2E0075FD6F /* Products */ = {
			isa = PBXGroup;
			children = (
				369AFEBD20456D2E0075FD6F /* JenkinsExample.app */,
				369AFED420456D2F0075FD6F /* JenkinsExampleTests.xctest */,
				369AFEDF20456D2F0075FD6F /* JenkinsExampleUITests.xctest */,
			);
			name = Products;
			sourceTree = "<group>";
		};
		369AFEBF20456D2E0075FD6F /* JenkinsExample */ = {
			isa = PBXGroup;
			children = (
				369AFEC020456D2E0075FD6F /* AppDelegate.swift */,
				369AFEC220456D2E0075FD6F /* ViewController.swift */,
				369AFEC420456D2E0075FD6F /* Main.storyboard */,
				369AFECA20456D2E0075FD6F /* Assets.xcassets */,
				369AFECC20456D2E0075FD6F /* LaunchScreen.storyboard */,
				369AFECF20456D2E0075FD6F /* Info.plist */,
				369AFEC720456D2E0075FD6F /* JenkinsExample.xcdatamodeld */,
			);
			path = JenkinsExample;
			sourceTree = "<group>";
		};
		369AFED720456D2F0075FD6F /* JenkinsExampleTests */ = {
			isa = PBXGroup;
			children = (
				369AFED820456D2F0075FD6F /* JenkinsExampleTests.swift */,
				369AFEDA20456D2F0075FD6F /* Info.plist */,
			);
			path = JenkinsExampleTests;
			sourceTree = "<group>";
		};
		369AFEE220456D2F0075FD6F /* JenkinsExampleUITests */ = {
			isa = PBXGroup;
			children = (
				369AFEE320456D2F0075FD6F /* JenkinsExampleUITests.swift */,
				369AFEE520456D2F0075FD6F /* Info.plist */,
			);
			path = JenkinsExampleUITests;
			sourceTree = "<group>";
		};
/* End PBXGroup section */

/* Begin PBXNativeTarget section */
		369AFEBC20456D2E0075FD6F /* JenkinsExample */ = {
			isa = PBXNativeTarget;
			buildConfigurationList = 369AFEE820456D2F0075FD6F /* Build configuration list for PBXNativeTarget "JenkinsExample" */;
			buildPhases = (
				369AFEB920456D2E0075FD6F /* Sources */,
				369AFEBA20456D2E0075FD6F /* Frameworks */,
				369AFEBB20456D2E0075FD6F /* Resources */,
			);
			buildRules = (
			);
			dependencies = (
			);
			name = JenkinsExample;
			productName = JenkinsExample;
			productReference = 369AFEBD20456D2E0075FD6F /* JenkinsExample.app */;
			productType = "com.apple.product-type.application";
		};
		369AFED320456D2F0075FD6F /* JenkinsExampleTests */ = {
			isa = PBXNativeTarget;
			buildConfigurationList = 369AFEEB20456D2F0075FD6F /* Build configuration list for PBXNativeTarget "JenkinsExampleTests" */;
			buildPhases = (
				369AFED020456D2F0075FD6F /* Sources */,
				369AFED120456D2F0075FD6F /* Frameworks */,
				369AFED220456D2F0075FD6F /* Resources */,
			);
			buildRules = (
			);
			dependencies = (
				369AFED620456D2F0075FD6F /* PBXTargetDependency */,
			);
			name = JenkinsExampleTests;
			productName = JenkinsExampleTests;
			productReference = 369AFED420456D2F0075FD6F /* JenkinsExampleTests.xctest */;
			productType = "com.apple.product-type.bundle.unit-test";
		};
		369AFEDE20456D2F0075FD6F /* JenkinsExampleUITests */ = {
			isa = PBXNativeTarget;
			buildConfigurationList = 369AFEEE20456D2F0075FD6F /* Build configuration list for PBXNativeTarget "JenkinsExampleUITests" */;
			buildPhases = (
				369AFEDB20456D2F0075FD6F /* Sources */,
				369AFEDC20456D2F0075FD6F /* Frameworks */,
				369AFEDD20456D2F0075FD6F /* Resources */,
			);
			buildRules = (
			);
			dependencies = (
				369AFEE120456D2F0075FD6F /* PBXTargetDependency */,
			);
			name = JenkinsExampleUITests;
			productName = JenkinsExampleUITests;
			productReference = 369AFEDF20456D2F0075FD6F /* JenkinsExampleUITests.xctest */;
			productType = "com.apple.product-type.bundle.ui-testing";
		};
/* End PBXNativeTarget section */

/* Begin PBXProject section */
		369AFEB520456D2E0075FD6F /* Project object */ = {
			isa = PBXProject;
			attributes = {
				LastSwiftUpdateCheck = 0910;
				LastUpgradeCheck = 0910;
				ORGANIZATIONNAME = Maheswaran;
				TargetAttributes = {
					369AFEBC20456D2E0075FD6F = {
						CreatedOnToolsVersion = 9.1;
						ProvisioningStyle = Automatic;
					};
					369AFED320456D2F0075FD6F = {
						CreatedOnToolsVersion = 9.1;
						ProvisioningStyle = Automatic;
						TestTargetID = 369AFEBC20456D2E0075FD6F;
					};
					369AFEDE20456D2F0075FD6F = {
						CreatedOnToolsVersion = 9.1;
						ProvisioningStyle = Automatic;
						TestTargetID = 369AFEBC20456D2E0075FD6F;
					};
				};
			};
			buildConfigurationList = 369AFEB820456D2E0075FD6F /* Build configuration list for PBXProject "JenkinsExample" */;
			compatibilityVersion = "Xcode 8.0";
			developmentRegion = en;
			hasScannedForEncodings = 0;
			knownRegions = (
				en,
				Base,
			);
			mainGroup = 369AFEB420456D2E0075FD6F;
			productRefGroup = 369AFEBE20456D2E0075FD6F /* Products */;
			projectDirPath = "";
			projectRoot = "";
			targets = (
				369AFEBC20456D2E0075FD6F /* JenkinsExample */,
				369AFED320456D2F0075FD6F /* JenkinsExampleTests */,
				369AFEDE20456D2F0075FD6F /* JenkinsExampleUITests */,
			);
		};
/* End PBXProject section */

/* Begin PBXResourcesBuildPhase section */
		369AFEBB20456D2E0075FD6F /* Resources */ = {
			isa = PBXResourcesBuildPhase;
			buildActionMask = 2147483647;
			files = (
				369AFECE20456D2E0075FD6F /* LaunchScreen.storyboard in Resources */,
				369AFECB20456D2E0075FD6F /* Assets.xcassets in Resources */,
				369AFEC620456D2E0075FD6F /* Main.storyboard in Resources */,
			);
			runOnlyForDeploymentPostprocessing = 0;
		};
		369AFED220456D2F0075FD6F /* Resources */ = {
			isa = PBXResourcesBuildPhase;
			buildActionMask = 2147483647;
			files = (
			);
			runOnlyForDeploymentPostprocessing = 0;
		};
		369AFEDD20456D2F0075FD6F /* Resources */ = {
			isa = PBXResourcesBuildPhase;
			buildActionMask = 2147483647;
			files = (
			);
			runOnlyForDeploymentPostprocessing = 0;
		};
/* End PBXResourcesBuildPhase section */

/* Begin PBXSourcesBuildPhase section */
		369AFEB920456D2E0075FD6F /* Sources */ = {
			isa = PBXSourcesBuildPhase;
			buildActionMask = 2147483647;
			files = (
				369AFEC920456D2E0075FD6F /* JenkinsExample.xcdatamodeld in Sources */,
				369AFEC320456D2E0075FD6F /* ViewController.swift in Sources */,
				369AFEC120456D2E0075FD6F /* AppDelegate.swift in Sources */,
			);
			runOnlyForDeploymentPostprocessing = 0;
		};
		369AFED020456D2F0075FD6F /* Sources */ = {
			isa = PBXSourcesBuildPhase;
			buildActionMask = 2147483647;
			files = (
				369AFED920456D2F0075FD6F /* JenkinsExampleTests.swift in Sources */,
			);
			runOnlyForDeploymentPostprocessing = 0;
		};
		369AFEDB20456D2F0075FD6F /* Sources */ = {
			isa = PBXSourcesBuildPhase;
			buildActionMask = 2147483647;
			files = (
				369AFEE420456D2F0075FD6F /* JenkinsExampleUITests.swift in Sources */,
			);
			runOnlyForDeploymentPostprocessing = 0;
		};
/* End PBXSourcesBuildPhase section */

/* Begin PBXTargetDependency section */
		369AFED620456D2F0075FD6F /* PBXTargetDependency */ = {
			isa = PBXTargetDependency;
			target = 369AFEBC20456D2E0075FD6F /* JenkinsExample */;
			targetProxy = 369AFED520456D2F0075FD6F /* PBXContainerItemProxy */;
		};
		369AFEE120456D2F0075FD6F /* PBXTargetDependency */ = {
			isa = PBXTargetDependency;
			target = 369AFEBC20456D2E0075FD6F /* JenkinsExample */;
			targetProxy = 369AFEE020456D2F0075FD6F /* PBXContainerItemProxy */;
		};
/* End PBXTargetDependency section */

/* Begin PBXVariantGroup section */
		369AFEC420456D2E0075FD6F /* Main.storyboard */ = {
			isa = PBXVariantGroup;
			children = (
				369AFEC520456D2E0075FD6F /* Base */,
			);
			name = Main.storyboard;
			sourceTree = "<group>";
		};
		369AFECC20456D2E0075FD6F /* LaunchScreen.storyboard */ = {
			isa = PBXVariantGroup;
			children = (
				369AFECD20456D2E0075FD6F /* Base */,
			);
			name = LaunchScreen.storyboard;
			sourceTree = "<group>";
		};
/* End PBXVariantGroup section */

/* Begin XCBuildConfiguration section */
		369AFEE620456D2F0075FD6F /* Debug */ = {
			isa = XCBuildConfiguration;
			buildSettings = {
				ALWAYS_SEARCH_USER_PATHS = NO;
				CLANG_ANALYZER_NONNULL = YES;
				CLANG_ANALYZER_NUMBER_OBJECT_CONVERSION = YES_AGGRESSIVE;
				CLANG_CXX_LANGUAGE_STANDARD = "gnu++14";
				CLANG_CXX_LIBRARY = "libc++";
				CLANG_ENABLE_MODULES = YES;
				CLANG_ENABLE_OBJC_ARC = YES;
				CLANG_WARN_BLOCK_CAPTURE_AUTORELEASING = YES;
				CLANG_WARN_BOOL_CONVERSION = YES;
				CLANG_WARN_COMMA = YES;
				CLANG_WARN_CONSTANT_CONVERSION = YES;
				CLANG_WARN_DIRECT_OBJC_ISA_USAGE = YES_ERROR;
				CLANG_WARN_DOCUMENTATION_COMMENTS = YES;
				CLANG_WARN_EMPTY_BODY = YES;
				CLANG_WARN_ENUM_CONVERSION = YES;
				CLANG_WARN_INFINITE_RECURSION = YES;
				CLANG_WARN_INT_CONVERSION = YES;
				CLANG_WARN_NON_LITERAL_NULL_CONVERSION = YES;
				CLANG_WARN_OBJC_LITERAL_CONVERSION = YES;
				CLANG_WARN_OBJC_ROOT_CLASS = YES_ERROR;
				CLANG_WARN_RANGE_LOOP_ANALYSIS = YES;
				CLANG_WARN_STRICT_PROTOTYPES = YES;
				CLANG_WARN_SUSPICIOUS_MOVE = YES;
				CLANG_WARN_UNGUARDED_AVAILABILITY = YES_AGGRESSIVE;
				CLANG_WARN_UNREACHABLE_CODE = YES;
				CLANG_WARN__DUPLICATE_METHOD_MATCH = YES;
				CODE_SIGN_IDENTITY = "iPhone Developer";
				COPY_PHASE_STRIP = NO;
				DEBUG_INFORMATION_FORMAT = dwarf;
				ENABLE_STRICT_OBJC_MSGSEND = YES;
				ENABLE_TESTABILITY = YES;
				GCC_C_LANGUAGE_STANDARD = gnu11;
				GCC_DYNAMIC_NO_PIC = NO;
				GCC_NO_COMMON_BLOCKS = YES;
				GCC_OPTIMIZATION_LEVEL = 0;
				GCC_PREPROCESSOR_DEFINITIONS = (
					"DEBUG=1",
					"$(inherited)",
				);
				GCC_WARN_64_TO_32_BIT_CONVERSION = YES;
				GCC_WARN_ABOUT_RETURN_TYPE = YES_ERROR;
				GCC_WARN_UNDECLARED_SELECTOR = YES;
				GCC_WARN_UNINITIALIZED_AUTOS = YES_AGGRESSIVE;
				GCC_WARN_UNUSED_FUNCTION = YES;
				GCC_WARN_UNUSED_VARIABLE = YES;
				IPHONEOS_DEPLOYMENT_TARGET = 11.1;
				MTL_ENABLE_DEBUG_INFO = YES;
				ONLY_ACTIVE_ARCH = YES;
				SDKROOT = iphoneos;
				SWIFT_ACTIVE_COMPILATION_CONDITIONS = DEBUG;
				SWIFT_OPTIMIZATION_LEVEL = "-Onone";
			};
			name = Debug;
		};
		369AFEE720456D2F0075FD6F /* Release */ = {
			isa = XCBuildConfiguration;
			buildSettings = {
				ALWAYS_SEARCH_USER_PATHS = NO;
				CLANG_ANALYZER_NONNULL = YES;
				CLANG_ANALYZER_NUMBER_OBJECT_CONVERSION = YES_AGGRESSIVE;
				CLANG_CXX_LANGUAGE_STANDARD = "gnu++14";
				CLANG_CXX_LIBRARY = "libc++";
				CLANG_ENABLE_MODULES = YES;
				CLANG_ENABLE_OBJC_ARC = YES;
				CLANG_WARN_BLOCK_CAPTURE_AUTORELEASING = YES;
				CLANG_WARN_BOOL_CONVERSION = YES;
				CLANG_WARN_COMMA = YES;
				CLANG_WARN_CONSTANT_CONVERSION = YES;
				CLANG_WARN_DIRECT_OBJC_ISA_USAGE = YES_ERROR;
				CLANG_WARN_DOCUMENTATION_COMMENTS = YES;
				CLANG_WARN_EMPTY_BODY = YES;
				CLANG_WARN_ENUM_CONVERSION = YES;
				CLANG_WARN_INFINITE_RECURSION = YES;
				CLANG_WARN_INT_CONVERSION = YES;
				CLANG_WARN_NON_LITERAL_NULL_CONVERSION = YES;
				CLANG_WARN_OBJC_LITERAL_CONVERSION = YES;
				CLANG_WARN_OBJC_ROOT_CLASS = YES_ERROR;
				CLANG_WARN_RANGE_LOOP_ANALYSIS = YES;
				CLANG_WARN_STRICT_PROTOTYPES = YES;
				CLANG_WARN_SUSPICIOUS_MOVE = YES;
				CLANG_WARN_UNGUARDED_AVAILABILITY = YES_AGGRESSIVE;
				CLANG_WARN_UNREACHABLE_CODE = YES;
				CLANG_WARN__DUPLICATE_METHOD_MATCH = YES;
				CODE_SIGN_IDENTITY = "iPhone Developer";
				COPY_PHASE_STRIP = NO;
				DEBUG_INFORMATION_FORMAT = "dwarf-with-dsym";
				ENABLE_NS_ASSERTIONS = NO;
				ENABLE_STRICT_OBJC_MSGSEND = YES;
				GCC_C_LANGUAGE_STANDARD = gnu11;
				GCC_NO_COMMON_BLOCKS = YES;
				GCC_WARN_64_TO_32_BIT_CONVERSION = YES;
				GCC_WARN_ABOUT_RETURN_TYPE = YES_ERROR;
				GCC_WARN_UNDECLARED_SELECTOR = YES;
				GCC_WARN_UNINITIALIZED_AUTOS = YES_AGGRESSIVE;
				GCC_WARN_UNUSED_FUNCTION = YES;
				GCC_WARN_UNUSED_VARIABLE = YES;
				IPHONEOS_DEPLOYMENT_TARGET = 11.1;
				MTL_ENABLE_DEBUG_INFO = NO;
				SDKROOT = iphoneos;
				SWIFT_OPTIMIZATION_LEVEL = "-Owholemodule";
				VALIDATE_PRODUCT = YES;
			};
			name = Release;
		};
		369AFEE920456D2F0075FD6F /* Debug */ = {
			isa = XCBuildConfiguration;
			buildSettings = {
				ASSETCATALOG_COMPILER_APPICON_NAME = AppIcon;
				CODE_SIGN_STYLE = Automatic;
				DEVELOPMENT_TEAM = Y45YVK5YCM;
				INFOPLIST_FILE = JenkinsExample/Info.plist;
				LD_RUNPATH_SEARCH_PATHS = "$(inherited) @executable_path/Frameworks";
				PRODUCT_BUNDLE_IDENTIFIER = com.mahes.JenkinsExample;
				PRODUCT_NAME = "$(TARGET_NAME)";
				SWIFT_VERSION = 4.0;
				TARGETED_DEVICE_FAMILY = "1,2";
			};
			name = Debug;
		};
		369AFEEA20456D2F0075FD6F /* Release */ = {
			isa = XCBuildConfiguration;
			buildSettings = {
				ASSETCATALOG_COMPILER_APPICON_NAME = AppIcon;
				CODE_SIGN_STYLE = Automatic;
				DEVELOPMENT_TEAM = Y45YVK5YCM;
				INFOPLIST_FILE = JenkinsExample/Info.plist;
				LD_RUNPATH_SEARCH_PATHS = "$(inherited) @executable_path/Frameworks";
				PRODUCT_BUNDLE_IDENTIFIER = com.mahes.JenkinsExample;
				PRODUCT_NAME = "$(TARGET_NAME)";
				SWIFT_VERSION = 4.0;
				TARGETED_DEVICE_FAMILY = "1,2";
			};
			name = Release;
		};
		369AFEEC20456D2F0075FD6F /* Debug */ = {
			isa = XCBuildConfiguration;
			buildSettings = {
				ALWAYS_EMBED_SWIFT_STANDARD_LIBRARIES = YES;
				BUNDLE_LOADER = "$(TEST_HOST)";
				CODE_SIGN_STYLE = Automatic;
				DEVELOPMENT_TEAM = Y45YVK5YCM;
				INFOPLIST_FILE = JenkinsExampleTests/Info.plist;
				LD_RUNPATH_SEARCH_PATHS = "$(inherited) @executable_path/Frameworks @loader_path/Frameworks";
				PRODUCT_BUNDLE_IDENTIFIER = com.mahes.JenkinsExampleTests;
				PRODUCT_NAME = "$(TARGET_NAME)";
				SWIFT_VERSION = 4.0;
				TARGETED_DEVICE_FAMILY = "1,2";
				TEST_HOST = "$(BUILT_PRODUCTS_DIR)/JenkinsExample.app/JenkinsExample";
			};
			name = Debug;
		};
		369AFEED20456D2F0075FD6F /* Release */ = {
			isa = XCBuildConfiguration;
			buildSettings = {
				ALWAYS_EMBED_SWIFT_STANDARD_LIBRARIES = YES;
				BUNDLE_LOADER = "$(TEST_HOST)";
				CODE_SIGN_STYLE = Automatic;
				DEVELOPMENT_TEAM = Y45YVK5YCM;
				INFOPLIST_FILE = JenkinsExampleTests/Info.plist;
				LD_RUNPATH_SEARCH_PATHS = "$(inherited) @executable_path/Frameworks @loader_path/Frameworks";
				PRODUCT_BUNDLE_IDENTIFIER = com.mahes.JenkinsExampleTests;
				PRODUCT_NAME = "$(TARGET_NAME)";
				SWIFT_VERSION = 4.0;
				TARGETED_DEVICE_FAMILY = "1,2";
				TEST_HOST = "$(BUILT_PRODUCTS_DIR)/JenkinsExample.app/JenkinsExample";
			};
			name = Release;
		};
		369AFEEF20456D2F0075FD6F /* Debug */ = {
			isa = XCBuildConfiguration;
			buildSettings = {
				ALWAYS_EMBED_SWIFT_STANDARD_LIBRARIES = YES;
				CODE_SIGN_STYLE = Automatic;
				DEVELOPMENT_TEAM = Y45YVK5YCM;
				INFOPLIST_FILE = JenkinsExampleUITests/Info.plist;
				LD_RUNPATH_SEARCH_PATHS = "$(inherited) @executable_path/Frameworks @loader_path/Frameworks";
				PRODUCT_BUNDLE_IDENTIFIER = com.mahes.JenkinsExampleUITests;
				PRODUCT_NAME = "$(TARGET_NAME)";
				SWIFT_VERSION = 4.0;
				TARGETED_DEVICE_FAMILY = "1,2";
				TEST_TARGET_NAME = JenkinsExample;
			};
			name = Debug;
		};
		369AFEF020456D2F0075FD6F /* Release */ = {
			isa = XCBuildConfiguration;
			buildSettings = {
				ALWAYS_EMBED_SWIFT_STANDARD_LIBRARIES = YES;
				CODE_SIGN_STYLE = Automatic;
				DEVELOPMENT_TEAM = Y45YVK5YCM;
				INFOPLIST_FILE = JenkinsExampleUITests/Info.plist;
				LD_RUNPATH_SEARCH_PATHS = "$(inherited) @executable_path/Frameworks @loader_path/Frameworks";
				PRODUCT_BUNDLE_IDENTIFIER = com.mahes.JenkinsExampleUITests;
				PRODUCT_NAME = "$(TARGET_NAME)";
				SWIFT_VERSION = 4.0;
				TARGETED_DEVICE_FAMILY = "1,2";
				TEST_TARGET_NAME = JenkinsExample;
			};
			name = Release;
		};
/* End XCBuildConfiguration section */

/* Begin XCConfigurationList section */
		369AFEB820456D2E0075FD6F /* Build configuration list for PBXProject "JenkinsExample" */ = {
			isa = XCConfigurationList;
			buildConfigurations = (
				369AFEE620456D2F0075FD6F /* Debug */,
				369AFEE720456D2F0075FD6F /* Release */,
			);
			defaultConfigurationIsVisible = 0;
			defaultConfigurationName = Release;
		};
		369AFEE820456D2F0075FD6F /* Build configuration list for PBXNativeTarget "JenkinsExample" */ = {
			isa = XCConfigurationList;
			buildConfigurations = (
				369AFEE920456D2F0075FD6F /* Debug */,
				369AFEEA20456D2F0075FD6F /* Release */,
			);
			defaultConfigurationIsVisible = 0;
			defaultConfigurationName = Release;
		};
		369AFEEB20456D2F0075FD6F /* Build configuration list for PBXNativeTarget "JenkinsExampleTests" */ = {
			isa = XCConfigurationList;
			buildConfigurations = (
				369AFEEC20456D2F0075FD6F /* Debug */,
				369AFEED20456D2F0075FD6F /* Release */,
			);
			defaultConfigurationIsVisible = 0;
			defaultConfigurationName = Release;
		};
		369AFEEE20456D2F0075FD6F /* Build configuration list for PBXNativeTarget "JenkinsExampleUITests" */ = {
			isa = XCConfigurationList;
			buildConfigurations = (
				369AFEEF20456D2F0075FD6F /* Debug */,
				369AFEF020456D2F0075FD6F /* Release */,
			);
			defaultConfigurationIsVisible = 0;
			defaultConfigurationName = Release;
		};
/* End XCConfigurationList section */

/* Begin XCVersionGroup section */
		369AFEC720456D2E0075FD6F /* JenkinsExample.xcdatamodeld */ = {
			isa = XCVersionGroup;
			children = (
				369AFEC820456D2E0075FD6F /* JenkinsExample.xcdatamodel */,
			);
			currentVersion = 369AFEC820456D2E0075FD6F /* JenkinsExample.xcdatamodel */;
			path = JenkinsExample.xcdatamodeld;
			sourceTree = "<group>";
			versionGroupType = wrapper.xcdatamodel;
		};
/* End XCVersionGroup section */
	};
	rootObject = 369AFEB520456D2E0075FD6F /* Project object */;
}
